// !$*UTF8*$!
{
	archiveVersion = 1;
	classes = {
	};
	objectVersion = 56;
	objects = {

/* Begin PBXBuildFile section */
		EEDDC2AC2A83EE1100C52BC0 /* signInApp.swift in Sources */ = {isa = PBXBuildFile; fileRef = EEDDC2AB2A83EE1100C52BC0 /* signInApp.swift */; };
		EEDDC2AE2A83EE1100C52BC0 /* ContentView.swift in Sources */ = {isa = PBXBuildFile; fileRef = EEDDC2AD2A83EE1100C52BC0 /* ContentView.swift */; };
		EEDDC2B02A83EE1200C52BC0 /* Assets.xcassets in Resources */ = {isa = PBXBuildFile; fileRef = EEDDC2AF2A83EE1200C52BC0 /* Assets.xcassets */; };
		EEDDC2B32A83EE1200C52BC0 /* Preview Assets.xcassets in Resources */ = {isa = PBXBuildFile; fileRef = EEDDC2B22A83EE1200C52BC0 /* Preview Assets.xcassets */; };
		EEDDC2BD2A83EE1200C52BC0 /* signInTests.swift in Sources */ = {isa = PBXBuildFile; fileRef = EEDDC2BC2A83EE1200C52BC0 /* signInTests.swift */; };
		EEDDC2C72A83EE1200C52BC0 /* signInUITests.swift in Sources */ = {isa = PBXBuildFile; fileRef = EEDDC2C62A83EE1200C52BC0 /* signInUITests.swift */; };
		EEDDC2C92A83EE1200C52BC0 /* signInUITestsLaunchTests.swift in Sources */ = {isa = PBXBuildFile; fileRef = EEDDC2C82A83EE1200C52BC0 /* signInUITestsLaunchTests.swift */; };
		EEDDC2D62A83FFAF00C52BC0 /* splashScreen.swift in Sources */ = {isa = PBXBuildFile; fileRef = EEDDC2D52A83FFAF00C52BC0 /* splashScreen.swift */; };
		EEDDC2D82A84033100C52BC0 /* signinView.swift in Sources */ = {isa = PBXBuildFile; fileRef = EEDDC2D72A84033100C52BC0 /* signinView.swift */; };
		EEDDC2DA2A84231800C52BC0 /* signupPage.swift in Sources */ = {isa = PBXBuildFile; fileRef = EEDDC2D92A84231800C52BC0 /* signupPage.swift */; };
/* End PBXBuildFile section */

/* Begin PBXContainerItemProxy section */
		EEDDC2B92A83EE1200C52BC0 /* PBXContainerItemProxy */ = {
			isa = PBXContainerItemProxy;
			containerPortal = EEDDC2A02A83EE1100C52BC0 /* Project object */;
			proxyType = 1;
			remoteGlobalIDString = EEDDC2A72A83EE1100C52BC0;
			remoteInfo = signIn;
		};
		EEDDC2C32A83EE1200C52BC0 /* PBXContainerItemProxy */ = {
			isa = PBXContainerItemProxy;
			containerPortal = EEDDC2A02A83EE1100C52BC0 /* Project object */;
			proxyType = 1;
			remoteGlobalIDString = EEDDC2A72A83EE1100C52BC0;
			remoteInfo = signIn;
		};
/* End PBXContainerItemProxy section */

/* Begin PBXFileReference section */
		EEDDC2A82A83EE1100C52BC0 /* signIn.app */ = {isa = PBXFileReference; explicitFileType = wrapper.application; includeInIndex = 0; path = signIn.app; sourceTree = BUILT_PRODUCTS_DIR; };
		EEDDC2AB2A83EE1100C52BC0 /* signInApp.swift */ = {isa = PBXFileReference; lastKnownFileType = sourcecode.swift; path = signInApp.swift; sourceTree = "<group>"; };
		EEDDC2AD2A83EE1100C52BC0 /* ContentView.swift */ = {isa = PBXFileReference; lastKnownFileType = sourcecode.swift; path = ContentView.swift; sourceTree = "<group>"; };
		EEDDC2AF2A83EE1200C52BC0 /* Assets.xcassets */ = {isa = PBXFileReference; lastKnownFileType = folder.assetcatalog; path = Assets.xcassets; sourceTree = "<group>"; };
		EEDDC2B22A83EE1200C52BC0 /* Preview Assets.xcassets */ = {isa = PBXFileReference; lastKnownFileType = folder.assetcatalog; path = "Preview Assets.xcassets"; sourceTree = "<group>"; };
		EEDDC2B82A83EE1200C52BC0 /* signInTests.xctest */ = {isa = PBXFileReference; explicitFileType = wrapper.cfbundle; includeInIndex = 0; path = signInTests.xctest; sourceTree = BUILT_PRODUCTS_DIR; };
		EEDDC2BC2A83EE1200C52BC0 /* signInTests.swift */ = {isa = PBXFileReference; lastKnownFileType = sourcecode.swift; path = signInTests.swift; sourceTree = "<group>"; };
		EEDDC2C22A83EE1200C52BC0 /* signInUITests.xctest */ = {isa = PBXFileReference; explicitFileType = wrapper.cfbundle; includeInIndex = 0; path = signInUITests.xctest; sourceTree = BUILT_PRODUCTS_DIR; };
		EEDDC2C62A83EE1200C52BC0 /* signInUITests.swift */ = {isa = PBXFileReference; lastKnownFileType = sourcecode.swift; path = signInUITests.swift; sourceTree = "<group>"; };
		EEDDC2C82A83EE1200C52BC0 /* signInUITestsLaunchTests.swift */ = {isa = PBXFileReference; lastKnownFileType = sourcecode.swift; path = signInUITestsLaunchTests.swift; sourceTree = "<group>"; };
		EEDDC2D52A83FFAF00C52BC0 /* splashScreen.swift */ = {isa = PBXFileReference; lastKnownFileType = sourcecode.swift; path = splashScreen.swift; sourceTree = "<group>"; };
		EEDDC2D72A84033100C52BC0 /* signinView.swift */ = {isa = PBXFileReference; lastKnownFileType = sourcecode.swift; path = signinView.swift; sourceTree = "<group>"; };
		EEDDC2D92A84231800C52BC0 /* signupPage.swift */ = {isa = PBXFileReference; lastKnownFileType = sourcecode.swift; path = signupPage.swift; sourceTree = "<group>"; };
/* End PBXFileReference section */

/* Begin PBXFrameworksBuildPhase section */
		EEDDC2A52A83EE1100C52BC0 /* Frameworks */ = {
			isa = PBXFrameworksBuildPhase;
			buildActionMask = 2147483647;
			files = (
			);
			runOnlyForDeploymentPostprocessing = 0;
		};
		EEDDC2B52A83EE1200C52BC0 /* Frameworks */ = {
			isa = PBXFrameworksBuildPhase;
			buildActionMask = 2147483647;
			files = (
			);
			runOnlyForDeploymentPostprocessing = 0;
		};
		EEDDC2BF2A83EE1200C52BC0 /* Frameworks */ = {
			isa = PBXFrameworksBuildPhase;
			buildActionMask = 2147483647;
			files = (
			);
			runOnlyForDeploymentPostprocessing = 0;
		};
/* End PBXFrameworksBuildPhase section */

/* Begin PBXGroup section */
		EEDDC29F2A83EE1100C52BC0 = {
			isa = PBXGroup;
			children = (
				EEDDC2AA2A83EE1100C52BC0 /* signIn */,
				EEDDC2BB2A83EE1200C52BC0 /* signInTests */,
				EEDDC2C52A83EE1200C52BC0 /* signInUITests */,
				EEDDC2A92A83EE1100C52BC0 /* Products */,
			);
			sourceTree = "<group>";
		};
		EEDDC2A92A83EE1100C52BC0 /* Products */ = {
			isa = PBXGroup;
			children = (
				EEDDC2A82A83EE1100C52BC0 /* signIn.app */,
				EEDDC2B82A83EE1200C52BC0 /* signInTests.xctest */,
				EEDDC2C22A83EE1200C52BC0 /* signInUITests.xctest */,
			);
			name = Products;
			sourceTree = "<group>";
		};
		EEDDC2AA2A83EE1100C52BC0 /* signIn */ = {
			isa = PBXGroup;
			children = (
				EEDDC2AB2A83EE1100C52BC0 /* signInApp.swift */,
				EEDDC2AD2A83EE1100C52BC0 /* ContentView.swift */,
				EEDDC2AF2A83EE1200C52BC0 /* Assets.xcassets */,
				EEDDC2B12A83EE1200C52BC0 /* Preview Content */,
				EEDDC2D52A83FFAF00C52BC0 /* splashScreen.swift */,
				EEDDC2D72A84033100C52BC0 /* signinView.swift */,
				EEDDC2D92A84231800C52BC0 /* signupPage.swift */,
			);
			path = signIn;
			sourceTree = "<group>";
		};
		EEDDC2B12A83EE1200C52BC0 /* Preview Content */ = {
			isa = PBXGroup;
			children = (
				EEDDC2B22A83EE1200C52BC0 /* Preview Assets.xcassets */,
			);
			path = "Preview Content";
			sourceTree = "<group>";
		};
		EEDDC2BB2A83EE1200C52BC0 /* signInTests */ = {
			isa = PBXGroup;
			children = (
				EEDDC2BC2A83EE1200C52BC0 /* signInTests.swift */,
			);
			path = signInTests;
			sourceTree = "<group>";
		};
		EEDDC2C52A83EE1200C52BC0 /* signInUITests */ = {
			isa = PBXGroup;
			children = (
				EEDDC2C62A83EE1200C52BC0 /* signInUITests.swift */,
				EEDDC2C82A83EE1200C52BC0 /* signInUITestsLaunchTests.swift */,
			);
			path = signInUITests;
			sourceTree = "<group>";
		};
/* End PBXGroup section */

/* Begin PBXNativeTarget section */
		EEDDC2A72A83EE1100C52BC0 /* signIn */ = {
			isa = PBXNativeTarget;
			buildConfigurationList = EEDDC2CC2A83EE1200C52BC0 /* Build configuration list for PBXNativeTarget "signIn" */;
			buildPhases = (
				EEDDC2A42A83EE1100C52BC0 /* Sources */,
				EEDDC2A52A83EE1100C52BC0 /* Frameworks */,
				EEDDC2A62A83EE1100C52BC0 /* Resources */,
			);
			buildRules = (
			);
			dependencies = (
			);
			name = signIn;
			productName = signIn;
			productReference = EEDDC2A82A83EE1100C52BC0 /* signIn.app */;
			productType = "com.apple.product-type.application";
		};
		EEDDC2B72A83EE1200C52BC0 /* signInTests */ = {
			isa = PBXNativeTarget;
			buildConfigurationList = EEDDC2CF2A83EE1200C52BC0 /* Build configuration list for PBXNativeTarget "signInTests" */;
			buildPhases = (
				EEDDC2B42A83EE1200C52BC0 /* Sources */,
				EEDDC2B52A83EE1200C52BC0 /* Frameworks */,
				EEDDC2B62A83EE1200C52BC0 /* Resources */,
			);
			buildRules = (
			);
			dependencies = (
				EEDDC2BA2A83EE1200C52BC0 /* PBXTargetDependency */,
			);
			name = signInTests;
			productName = signInTests;
			productReference = EEDDC2B82A83EE1200C52BC0 /* signInTests.xctest */;
			productType = "com.apple.product-type.bundle.unit-test";
		};
		EEDDC2C12A83EE1200C52BC0 /* signInUITests */ = {
			isa = PBXNativeTarget;
			buildConfigurationList = EEDDC2D22A83EE1200C52BC0 /* Build configuration list for PBXNativeTarget "signInUITests" */;
			buildPhases = (
				EEDDC2BE2A83EE1200C52BC0 /* Sources */,
				EEDDC2BF2A83EE1200C52BC0 /* Frameworks */,
				EEDDC2C02A83EE1200C52BC0 /* Resources */,
			);
			buildRules = (
			);
			dependencies = (
				EEDDC2C42A83EE1200C52BC0 /* PBXTargetDependency */,
			);
			name = signInUITests;
			productName = signInUITests;
			productReference = EEDDC2C22A83EE1200C52BC0 /* signInUITests.xctest */;
			productType = "com.apple.product-type.bundle.ui-testing";
		};
/* End PBXNativeTarget section */

/* Begin PBXProject section */
		EEDDC2A02A83EE1100C52BC0 /* Project object */ = {
			isa = PBXProject;
			attributes = {
				BuildIndependentTargetsInParallel = 1;
				LastSwiftUpdateCheck = 1430;
				LastUpgradeCheck = 1430;
				TargetAttributes = {
					EEDDC2A72A83EE1100C52BC0 = {
						CreatedOnToolsVersion = 14.3;
					};
					EEDDC2B72A83EE1200C52BC0 = {
						CreatedOnToolsVersion = 14.3;
						TestTargetID = EEDDC2A72A83EE1100C52BC0;
					};
					EEDDC2C12A83EE1200C52BC0 = {
						CreatedOnToolsVersion = 14.3;
						TestTargetID = EEDDC2A72A83EE1100C52BC0;
					};
				};
			};
			buildConfigurationList = EEDDC2A32A83EE1100C52BC0 /* Build configuration list for PBXProject "signIn" */;
			compatibilityVersion = "Xcode 14.0";
			developmentRegion = en;
			hasScannedForEncodings = 0;
			knownRegions = (
				en,
				Base,
			);
			mainGroup = EEDDC29F2A83EE1100C52BC0;
			productRefGroup = EEDDC2A92A83EE1100C52BC0 /* Products */;
			projectDirPath = "";
			projectRoot = "";
			targets = (
				EEDDC2A72A83EE1100C52BC0 /* signIn */,
				EEDDC2B72A83EE1200C52BC0 /* signInTests */,
				EEDDC2C12A83EE1200C52BC0 /* signInUITests */,
			);
		};
/* End PBXProject section */

/* Begin PBXResourcesBuildPhase section */
		EEDDC2A62A83EE1100C52BC0 /* Resources */ = {
			isa = PBXResourcesBuildPhase;
			buildActionMask = 2147483647;
			files = (
				EEDDC2B32A83EE1200C52BC0 /* Preview Assets.xcassets in Resources */,
				EEDDC2B02A83EE1200C52BC0 /* Assets.xcassets in Resources */,
			);
			runOnlyForDeploymentPostprocessing = 0;
		};
		EEDDC2B62A83EE1200C52BC0 /* Resources */ = {
			isa = PBXResourcesBuildPhase;
			buildActionMask = 2147483647;
			files = (
			);
			runOnlyForDeploymentPostprocessing = 0;
		};
		EEDDC2C02A83EE1200C52BC0 /* Resources */ = {
			isa = PBXResourcesBuildPhase;
			buildActionMask = 2147483647;
			files = (
			);
			runOnlyForDeploymentPostprocessing = 0;
		};
/* End PBXResourcesBuildPhase section */

/* Begin PBXSourcesBuildPhase section */
		EEDDC2A42A83EE1100C52BC0 /* Sources */ = {
			isa = PBXSourcesBuildPhase;
			buildActionMask = 2147483647;
			files = (
				EEDDC2D62A83FFAF00C52BC0 /* splashScreen.swift in Sources */,
				EEDDC2AE2A83EE1100C52BC0 /* ContentView.swift in Sources */,
				EEDDC2D82A84033100C52BC0 /* signinView.swift in Sources */,
				EEDDC2DA2A84231800C52BC0 /* signupPage.swift in Sources */,
				EEDDC2AC2A83EE1100C52BC0 /* signInApp.swift in Sources */,
			);
			runOnlyForDeploymentPostprocessing = 0;
		};
		EEDDC2B42A83EE1200C52BC0 /* Sources */ = {
			isa = PBXSourcesBuildPhase;
			buildActionMask = 2147483647;
			files = (
				EEDDC2BD2A83EE1200C52BC0 /* signInTests.swift in Sources */,
			);
			runOnlyForDeploymentPostprocessing = 0;
		};
		EEDDC2BE2A83EE1200C52BC0 /* Sources */ = {
			isa = PBXSourcesBuildPhase;
			buildActionMask = 2147483647;
			files = (
				EEDDC2C92A83EE1200C52BC0 /* signInUITestsLaunchTests.swift in Sources */,
				EEDDC2C72A83EE1200C52BC0 /* signInUITests.swift in Sources */,
			);
			runOnlyForDeploymentPostprocessing = 0;
		};
/* End PBXSourcesBuildPhase section */

/* Begin PBXTargetDependency section */
		EEDDC2BA2A83EE1200C52BC0 /* PBXTargetDependency */ = {
			isa = PBXTargetDependency;
			target = EEDDC2A72A83EE1100C52BC0 /* signIn */;
			targetProxy = EEDDC2B92A83EE1200C52BC0 /* PBXContainerItemProxy */;
		};
		EEDDC2C42A83EE1200C52BC0 /* PBXTargetDependency */ = {
			isa = PBXTargetDependency;
			target = EEDDC2A72A83EE1100C52BC0 /* signIn */;
			targetProxy = EEDDC2C32A83EE1200C52BC0 /* PBXContainerItemProxy */;
		};
/* End PBXTargetDependency section */

/* Begin XCBuildConfiguration section */
		EEDDC2CA2A83EE1200C52BC0 /* Debug */ = {
			isa = XCBuildConfiguration;
			buildSettings = {
				ALWAYS_SEARCH_USER_PATHS = NO;
				CLANG_ANALYZER_NONNULL = YES;
				CLANG_ANALYZER_NUMBER_OBJECT_CONVERSION = YES_AGGRESSIVE;
				CLANG_CXX_LANGUAGE_STANDARD = "gnu++20";
				CLANG_ENABLE_MODULES = YES;
				CLANG_ENABLE_OBJC_ARC = YES;
				CLANG_ENABLE_OBJC_WEAK = YES;
				CLANG_WARN_BLOCK_CAPTURE_AUTORELEASING = YES;
				CLANG_WARN_BOOL_CONVERSION = YES;
				CLANG_WARN_COMMA = YES;
				CLANG_WARN_CONSTANT_CONVERSION = YES;
				CLANG_WARN_DEPRECATED_OBJC_IMPLEMENTATIONS = YES;
				CLANG_WARN_DIRECT_OBJC_ISA_USAGE = YES_ERROR;
				CLANG_WARN_DOCUMENTATION_COMMENTS = YES;
				CLANG_WARN_EMPTY_BODY = YES;
				CLANG_WARN_ENUM_CONVERSION = YES;
				CLANG_WARN_INFINITE_RECURSION = YES;
				CLANG_WARN_INT_CONVERSION = YES;
				CLANG_WARN_NON_LITERAL_NULL_CONVERSION = YES;
				CLANG_WARN_OBJC_IMPLICIT_RETAIN_SELF = YES;
				CLANG_WARN_OBJC_LITERAL_CONVERSION = YES;
				CLANG_WARN_OBJC_ROOT_CLASS = YES_ERROR;
				CLANG_WARN_QUOTED_INCLUDE_IN_FRAMEWORK_HEADER = YES;
				CLANG_WARN_RANGE_LOOP_ANALYSIS = YES;
				CLANG_WARN_STRICT_PROTOTYPES = YES;
				CLANG_WARN_SUSPICIOUS_MOVE = YES;
				CLANG_WARN_UNGUARDED_AVAILABILITY = YES_AGGRESSIVE;
				CLANG_WARN_UNREACHABLE_CODE = YES;
				CLANG_WARN__DUPLICATE_METHOD_MATCH = YES;
				COPY_PHASE_STRIP = NO;
				DEBUG_INFORMATION_FORMAT = dwarf;
				ENABLE_STRICT_OBJC_MSGSEND = YES;
				ENABLE_TESTABILITY = YES;
				GCC_C_LANGUAGE_STANDARD = gnu11;
				GCC_DYNAMIC_NO_PIC = NO;
				GCC_NO_COMMON_BLOCKS = YES;
				GCC_OPTIMIZATION_LEVEL = 0;
				GCC_PREPROCESSOR_DEFINITIONS = (
					"DEBUG=1",
					"$(inherited)",
				);
				GCC_WARN_64_TO_32_BIT_CONVERSION = YES;
				GCC_WARN_ABOUT_RETURN_TYPE = YES_ERROR;
				GCC_WARN_UNDECLARED_SELECTOR = YES;
				GCC_WARN_UNINITIALIZED_AUTOS = YES_AGGRESSIVE;
				GCC_WARN_UNUSED_FUNCTION = YES;
				GCC_WARN_UNUSED_VARIABLE = YES;
				IPHONEOS_DEPLOYMENT_TARGET = 16.4;
				MTL_ENABLE_DEBUG_INFO = INCLUDE_SOURCE;
				MTL_FAST_MATH = YES;
				ONLY_ACTIVE_ARCH = YES;
				SDKROOT = iphoneos;
				SWIFT_ACTIVE_COMPILATION_CONDITIONS = DEBUG;
				SWIFT_OPTIMIZATION_LEVEL = "-Onone";
			};
			name = Debug;
		};
		EEDDC2CB2A83EE1200C52BC0 /* Release */ = {
			isa = XCBuildConfiguration;
			buildSettings = {
				ALWAYS_SEARCH_USER_PATHS = NO;
				CLANG_ANALYZER_NONNULL = YES;
				CLANG_ANALYZER_NUMBER_OBJECT_CONVERSION = YES_AGGRESSIVE;
				CLANG_CXX_LANGUAGE_STANDARD = "gnu++20";
				CLANG_ENABLE_MODULES = YES;
				CLANG_ENABLE_OBJC_ARC = YES;
				CLANG_ENABLE_OBJC_WEAK = YES;
				CLANG_WARN_BLOCK_CAPTURE_AUTORELEASING = YES;
				CLANG_WARN_BOOL_CONVERSION = YES;
				CLANG_WARN_COMMA = YES;
				CLANG_WARN_CONSTANT_CONVERSION = YES;
				CLANG_WARN_DEPRECATED_OBJC_IMPLEMENTATIONS = YES;
				CLANG_WARN_DIRECT_OBJC_ISA_USAGE = YES_ERROR;
				CLANG_WARN_DOCUMENTATION_COMMENTS = YES;
				CLANG_WARN_EMPTY_BODY = YES;
				CLANG_WARN_ENUM_CONVERSION = YES;
				CLANG_WARN_INFINITE_RECURSION = YES;
				CLANG_WARN_INT_CONVERSION = YES;
				CLANG_WARN_NON_LITERAL_NULL_CONVERSION = YES;
				CLANG_WARN_OBJC_IMPLICIT_RETAIN_SELF = YES;
				CLANG_WARN_OBJC_LITERAL_CONVERSION = YES;
				CLANG_WARN_OBJC_ROOT_CLASS = YES_ERROR;
				CLANG_WARN_QUOTED_INCLUDE_IN_FRAMEWORK_HEADER = YES;
				CLANG_WARN_RANGE_LOOP_ANALYSIS = YES;
				CLANG_WARN_STRICT_PROTOTYPES = YES;
				CLANG_WARN_SUSPICIOUS_MOVE = YES;
				CLANG_WARN_UNGUARDED_AVAILABILITY = YES_AGGRESSIVE;
				CLANG_WARN_UNREACHABLE_CODE = YES;
				CLANG_WARN__DUPLICATE_METHOD_MATCH = YES;
				COPY_PHASE_STRIP = NO;
				DEBUG_INFORMATION_FORMAT = "dwarf-with-dsym";
				ENABLE_NS_ASSERTIONS = NO;
				ENABLE_STRICT_OBJC_MSGSEND = YES;
				GCC_C_LANGUAGE_STANDARD = gnu11;
				GCC_NO_COMMON_BLOCKS = YES;
				GCC_WARN_64_TO_32_BIT_CONVERSION = YES;
				GCC_WARN_ABOUT_RETURN_TYPE = YES_ERROR;
				GCC_WARN_UNDECLARED_SELECTOR = YES;
				GCC_WARN_UNINITIALIZED_AUTOS = YES_AGGRESSIVE;
				GCC_WARN_UNUSED_FUNCTION = YES;
				GCC_WARN_UNUSED_VARIABLE = YES;
				IPHONEOS_DEPLOYMENT_TARGET = 16.4;
				MTL_ENABLE_DEBUG_INFO = NO;
				MTL_FAST_MATH = YES;
				SDKROOT = iphoneos;
				SWIFT_COMPILATION_MODE = wholemodule;
				SWIFT_OPTIMIZATION_LEVEL = "-O";
				VALIDATE_PRODUCT = YES;
			};
			name = Release;
		};
		EEDDC2CD2A83EE1200C52BC0 /* Debug */ = {
			isa = XCBuildConfiguration;
			buildSettings = {
				ASSETCATALOG_COMPILER_APPICON_NAME = AppIcon;
				ASSETCATALOG_COMPILER_GLOBAL_ACCENT_COLOR_NAME = AccentColor;
				CODE_SIGN_STYLE = Automatic;
				CURRENT_PROJECT_VERSION = 1;
				DEVELOPMENT_ASSET_PATHS = "\"signIn/Preview Content\"";
				ENABLE_PREVIEWS = YES;
				GENERATE_INFOPLIST_FILE = YES;
				INFOPLIST_KEY_UIApplicationSceneManifest_Generation = YES;
				INFOPLIST_KEY_UIApplicationSupportsIndirectInputEvents = YES;
				INFOPLIST_KEY_UILaunchScreen_Generation = YES;
				INFOPLIST_KEY_UISupportedInterfaceOrientations_iPad = "UIInterfaceOrientationPortrait UIInterfaceOrientationPortraitUpsideDown UIInterfaceOrientationLandscapeLeft UIInterfaceOrientationLandscapeRight";
				INFOPLIST_KEY_UISupportedInterfaceOrientations_iPhone = "UIInterfaceOrientationPortrait UIInterfaceOrientationLandscapeLeft UIInterfaceOrientationLandscapeRight";
				LD_RUNPATH_SEARCH_PATHS = (
					"$(inherited)",
					"@executable_path/Frameworks",
				);
				MARKETING_VERSION = 1.0;
				PRODUCT_BUNDLE_IDENTIFIER = com.signIn;
				PRODUCT_NAME = "$(TARGET_NAME)";
				SWIFT_EMIT_LOC_STRINGS = YES;
				SWIFT_VERSION = 5.0;
				TARGETED_DEVICE_FAMILY = "1,2";
			};
			name = Debug;
		};
		EEDDC2CE2A83EE1200C52BC0 /* Release */ = {
			isa = XCBuildConfiguration;
			buildSettings = {
				ASSETCATALOG_COMPILER_APPICON_NAME = AppIcon;
				ASSETCATALOG_COMPILER_GLOBAL_ACCENT_COLOR_NAME = AccentColor;
				CODE_SIGN_STYLE = Automatic;
				CURRENT_PROJECT_VERSION = 1;
				DEVELOPMENT_ASSET_PATHS = "\"signIn/Preview Content\"";
				ENABLE_PREVIEWS = YES;
				GENERATE_INFOPLIST_FILE = YES;
				INFOPLIST_KEY_UIApplicationSceneManifest_Generation = YES;
				INFOPLIST_KEY_UIApplicationSupportsIndirectInputEvents = YES;
				INFOPLIST_KEY_UILaunchScreen_Generation = YES;
				INFOPLIST_KEY_UISupportedInterfaceOrientations_iPad = "UIInterfaceOrientationPortrait UIInterfaceOrientationPortraitUpsideDown UIInterfaceOrientationLandscapeLeft UIInterfaceOrientationLandscapeRight";
				INFOPLIST_KEY_UISupportedInterfaceOrientations_iPhone = "UIInterfaceOrientationPortrait UIInterfaceOrientationLandscapeLeft UIInterfaceOrientationLandscapeRight";
				LD_RUNPATH_SEARCH_PATHS = (
					"$(inherited)",
					"@executable_path/Frameworks",
				);
				MARKETING_VERSION = 1.0;
				PRODUCT_BUNDLE_IDENTIFIER = com.signIn;
				PRODUCT_NAME = "$(TARGET_NAME)";
				SWIFT_EMIT_LOC_STRINGS = YES;
				SWIFT_VERSION = 5.0;
				TARGETED_DEVICE_FAMILY = "1,2";
			};
			name = Release;
		};
		EEDDC2D02A83EE1200C52BC0 /* Debug */ = {
			isa = XCBuildConfiguration;
			buildSettings = {
				ALWAYS_EMBED_SWIFT_STANDARD_LIBRARIES = YES;
				BUNDLE_LOADER = "$(TEST_HOST)";
				CODE_SIGN_STYLE = Automatic;
				CURRENT_PROJECT_VERSION = 1;
				GENERATE_INFOPLIST_FILE = YES;
				IPHONEOS_DEPLOYMENT_TARGET = 16.4;
				MARKETING_VERSION = 1.0;
				PRODUCT_BUNDLE_IDENTIFIER = com.signInTests;
				PRODUCT_NAME = "$(TARGET_NAME)";
				SWIFT_EMIT_LOC_STRINGS = NO;
				SWIFT_VERSION = 5.0;
				TARGETED_DEVICE_FAMILY = "1,2";
				TEST_HOST = "$(BUILT_PRODUCTS_DIR)/signIn.app/$(BUNDLE_EXECUTABLE_FOLDER_PATH)/signIn";
			};
			name = Debug;
		};
		EEDDC2D12A83EE1200C52BC0 /* Release */ = {
			isa = XCBuildConfiguration;
			buildSettings = {
				ALWAYS_EMBED_SWIFT_STANDARD_LIBRARIES = YES;
				BUNDLE_LOADER = "$(TEST_HOST)";
				CODE_SIGN_STYLE = Automatic;
				CURRENT_PROJECT_VERSION = 1;
				GENERATE_INFOPLIST_FILE = YES;
				IPHONEOS_DEPLOYMENT_TARGET = 16.4;
				MARKETING_VERSION = 1.0;
				PRODUCT_BUNDLE_IDENTIFIER = com.signInTests;
				PRODUCT_NAME = "$(TARGET_NAME)";
				SWIFT_EMIT_LOC_STRINGS = NO;
				SWIFT_VERSION = 5.0;
				TARGETED_DEVICE_FAMILY = "1,2";
				TEST_HOST = "$(BUILT_PRODUCTS_DIR)/signIn.app/$(BUNDLE_EXECUTABLE_FOLDER_PATH)/signIn";
			};
			name = Release;
		};
		EEDDC2D32A83EE1200C52BC0 /* Debug */ = {
			isa = XCBuildConfiguration;
			buildSettings = {
				ALWAYS_EMBED_SWIFT_STANDARD_LIBRARIES = YES;
				CODE_SIGN_STYLE = Automatic;
				CURRENT_PROJECT_VERSION = 1;
				GENERATE_INFOPLIST_FILE = YES;
				MARKETING_VERSION = 1.0;
				PRODUCT_BUNDLE_IDENTIFIER = com.signInUITests;
				PRODUCT_NAME = "$(TARGET_NAME)";
				SWIFT_EMIT_LOC_STRINGS = NO;
				SWIFT_VERSION = 5.0;
				TARGETED_DEVICE_FAMILY = "1,2";
				TEST_TARGET_NAME = signIn;
			};
			name = Debug;
		};
		EEDDC2D42A83EE1200C52BC0 /* Release */ = {
			isa = XCBuildConfiguration;
			buildSettings = {
				ALWAYS_EMBED_SWIFT_STANDARD_LIBRARIES = YES;
				CODE_SIGN_STYLE = Automatic;
				CURRENT_PROJECT_VERSION = 1;
				GENERATE_INFOPLIST_FILE = YES;
				MARKETING_VERSION = 1.0;
				PRODUCT_BUNDLE_IDENTIFIER = com.signInUITests;
				PRODUCT_NAME = "$(TARGET_NAME)";
				SWIFT_EMIT_LOC_STRINGS = NO;
				SWIFT_VERSION = 5.0;
				TARGETED_DEVICE_FAMILY = "1,2";
				TEST_TARGET_NAME = signIn;
			};
			name = Release;
		};
/* End XCBuildConfiguration section */

/* Begin XCConfigurationList section */
		EEDDC2A32A83EE1100C52BC0 /* Build configuration list for PBXProject "signIn" */ = {
			isa = XCConfigurationList;
			buildConfigurations = (
				EEDDC2CA2A83EE1200C52BC0 /* Debug */,
				EEDDC2CB2A83EE1200C52BC0 /* Release */,
			);
			defaultConfigurationIsVisible = 0;
			defaultConfigurationName = Release;
		};
		EEDDC2CC2A83EE1200C52BC0 /* Build configuration list for PBXNativeTarget "signIn" */ = {
			isa = XCConfigurationList;
			buildConfigurations = (
				EEDDC2CD2A83EE1200C52BC0 /* Debug */,
				EEDDC2CE2A83EE1200C52BC0 /* Release */,
			);
			defaultConfigurationIsVisible = 0;
			defaultConfigurationName = Release;
		};
		EEDDC2CF2A83EE1200C52BC0 /* Build configuration list for PBXNativeTarget "signInTests" */ = {
			isa = XCConfigurationList;
			buildConfigurations = (
				EEDDC2D02A83EE1200C52BC0 /* Debug */,
				EEDDC2D12A83EE1200C52BC0 /* Release */,
			);
			defaultConfigurationIsVisible = 0;
			defaultConfigurationName = Release;
		};
		EEDDC2D22A83EE1200C52BC0 /* Build configuration list for PBXNativeTarget "signInUITests" */ = {
			isa = XCConfigurationList;
			buildConfigurations = (
				EEDDC2D32A83EE1200C52BC0 /* Debug */,
				EEDDC2D42A83EE1200C52BC0 /* Release */,
			);
			defaultConfigurationIsVisible = 0;
			defaultConfigurationName = Release;
		};
/* End XCConfigurationList section */
	};
	rootObject = EEDDC2A02A83EE1100C52BC0 /* Project object */;
}
